
Microsoft Visual Studio Solution File, Format Version 12.00
# Visual Studio 15
VisualStudioVersion = 15.0.26403.0
MinimumVisualStudioVersion = 10.0.40219.1
Project("{FAE04EC0-301F-11D3-BF4B-00C04F79EFBC}") = "Test", "Test\Test.csproj", "{6740B4CD-B2F6-49DF-BDA0-7DC17144C666}"
EndProject
Project("{FAE04EC0-301F-11D3-BF4B-00C04F79EFBC}") = "XCode", "XCode\XCode.csproj", "{B49ABA5A-C5DA-45F4-87F1-B435EC51D710}"
EndProject
Project("{FAE04EC0-301F-11D3-BF4B-00C04F79EFBC}") = "NewLife.Core", "NewLife.Core\NewLife.Core.csproj", "{5813C22E-EEB3-4DEE-A45C-BB218041193A}"
EndProject
Project("{FAE04EC0-301F-11D3-BF4B-00C04F79EFBC}") = "NewLife.Android", "NewLife.Android\NewLife.Android.csproj", "{19B3CD60-CE6C-4EB8-8FCE-67ABC1D7727A}"
EndProject
Project("{FAE04EC0-301F-11D3-BF4B-00C04F79EFBC}") = "NewLife.iOS", "NewLife.iOS\NewLife.iOS.csproj", "{84412233-E2C6-489A-8415-E1EF01AC5AA6}"
EndProject
Global
	GlobalSection(SolutionConfigurationPlatforms) = preSolution
		Debug|Any CPU = Debug|Any CPU
		Release|Any CPU = Release|Any CPU
	EndGlobalSection
	GlobalSection(ProjectConfigurationPlatforms) = postSolution
		{6740B4CD-B2F6-49DF-BDA0-7DC17144C666}.Debug|Any CPU.ActiveCfg = Debug|Any CPU
		{6740B4CD-B2F6-49DF-BDA0-7DC17144C666}.Release|Any CPU.ActiveCfg = Release|Any CPU
		{B49ABA5A-C5DA-45F4-87F1-B435EC51D710}.Debug|Any CPU.ActiveCfg = Debug|Any CPU
		{B49ABA5A-C5DA-45F4-87F1-B435EC51D710}.Debug|Any CPU.Build.0 = Debug|Any CPU
		{B49ABA5A-C5DA-45F4-87F1-B435EC51D710}.Release|Any CPU.ActiveCfg = Release|Any CPU
		{B49ABA5A-C5DA-45F4-87F1-B435EC51D710}.Release|Any CPU.Build.0 = Release|Any CPU
		{5813C22E-EEB3-4DEE-A45C-BB218041193A}.Debug|Any CPU.ActiveCfg = Debug|Any CPU
		{5813C22E-EEB3-4DEE-A45C-BB218041193A}.Debug|Any CPU.Build.0 = Debug|Any CPU
		{5813C22E-EEB3-4DEE-A45C-BB218041193A}.Release|Any CPU.ActiveCfg = Release|Any CPU
		{5813C22E-EEB3-4DEE-A45C-BB218041193A}.Release|Any CPU.Build.0 = Release|Any CPU
		{19B3CD60-CE6C-4EB8-8FCE-67ABC1D7727A}.Debug|Any CPU.ActiveCfg = Debug|Any CPU
		{19B3CD60-CE6C-4EB8-8FCE-67ABC1D7727A}.Debug|Any CPU.Build.0 = Debug|Any CPU
		{19B3CD60-CE6C-4EB8-8FCE-67ABC1D7727A}.Release|Any CPU.ActiveCfg = Release|Any CPU
		{19B3CD60-CE6C-4EB8-8FCE-67ABC1D7727A}.Release|Any CPU.Build.0 = Release|Any CPU
		{84412233-E2C6-489A-8415-E1EF01AC5AA6}.Debug|Any CPU.ActiveCfg = Debug|Any CPU
		{84412233-E2C6-489A-8415-E1EF01AC5AA6}.Debug|Any CPU.Build.0 = Debug|Any CPU
		{84412233-E2C6-489A-8415-E1EF01AC5AA6}.Release|Any CPU.ActiveCfg = Release|Any CPU
		{84412233-E2C6-489A-8415-E1EF01AC5AA6}.Release|Any CPU.Build.0 = Release|Any CPU
	EndGlobalSection
	GlobalSection(SolutionProperties) = preSolution
		HideSolutionNode = FALSE
	EndGlobalSection
	GlobalSection(ExtensibilityGlobals) = postSolution
		SolutionGuid = {AAF9358F-B200-4F84-8C19-D965FA02CA16}
	EndGlobalSection
	GlobalSection(TestCaseManagementSettings) = postSolution
		CategoryFile = X组件.vsmdi
	EndGlobalSection
EndGlobal
