
Microsoft Visual Studio Solution File, Format Version 11.00
# Visual Studio 2010
Project("{FAE04EC0-301F-11D3-BF4B-00C04F79EFBC}") = "XControl", "XControl\XControl.csproj", "{A82E3AA8-6181-460D-A6EE-CC453B83D340}"
EndProject
Project("{FAE04EC0-301F-11D3-BF4B-00C04F79EFBC}") = "XCoder", "XCoder\XCoder.csproj", "{3EB3A5F1-F785-4672-A21D-A3117FC12129}"
EndProject
Project("{FAE04EC0-301F-11D3-BF4B-00C04F79EFBC}") = "Test", "Test\Test.csproj", "{6740B4CD-B2F6-49DF-BDA0-7DC17144C666}"
EndProject
Project("{FAE04EC0-301F-11D3-BF4B-00C04F79EFBC}") = "XCode", "XCode\XCode.csproj", "{B49ABA5A-C5DA-45F4-87F1-B435EC51D710}"
EndProject
Project("{FAE04EC0-301F-11D3-BF4B-00C04F79EFBC}") = "NewLife.CommonEntity", "NewLife.CommonEntity\NewLife.CommonEntity.csproj", "{50D7FAE5-2304-4395-A6FA-7D35279D9D84}"
EndProject
Project("{FAE04EC0-301F-11D3-BF4B-00C04F79EFBC}") = "XAgent", "XAgent\XAgent.csproj", "{A18FB4FB-5AA8-4781-A898-82DBEE6A6631}"
EndProject
Project("{FAE04EC0-301F-11D3-BF4B-00C04F79EFBC}") = "XTemplate", "XTemplate\XTemplate.csproj", "{55BA37EE-01A2-438F-A0FB-6B57440BF2F0}"
EndProject
Project("{FAE04EC0-301F-11D3-BF4B-00C04F79EFBC}") = "NewLife.Core", "NewLife.Core\NewLife.Core.csproj", "{5813C22E-EEB3-4DEE-A45C-BB218041193A}"
EndProject
Project("{FAE04EC0-301F-11D3-BF4B-00C04F79EFBC}") = "NewLife.Net", "NewLife.Net\NewLife.Net.csproj", "{5A8EF50C-3394-4C1E-99F0-33EFE8691CB0}"
EndProject
Project("{FAE04EC0-301F-11D3-BF4B-00C04F79EFBC}") = "XCodeTest", "XCodeTest\XCodeTest.csproj", "{6AB57657-0627-40AC-ACC2-FF697E45FAF1}"
EndProject
Project("{FAE04EC0-301F-11D3-BF4B-00C04F79EFBC}") = "Test2", "Test2\Test2.csproj", "{181FE587-CA12-49DF-9A7C-96697C41F32D}"
EndProject
Project("{FAE04EC0-301F-11D3-BF4B-00C04F79EFBC}") = "YWS", "YWS\YWS.csproj", "{DBE2D3C8-24B9-4193-A568-66F550921702}"
EndProject
Project("{FAE04EC0-301F-11D3-BF4B-00C04F79EFBC}") = "NewLife.Mvc", "NewLife.Mvc\NewLife.Mvc.csproj", "{E50FC131-90E6-4D21-8F87-84BDF4B841B7}"
EndProject
Project("{E24C65DC-7377-472B-9ABA-BC803B73C61A}") = "Web", "Web\", "{AAC0A525-4C8D-4D30-B145-288E8CB5CF8A}"
	ProjectSection(WebsiteProperties) = preProject
		TargetFrameworkMoniker = ".NETFramework,Version%3Dv2.0"
		ProjectReferences = "{DBE2D3C8-24B9-4193-A568-66F550921702}|NewLife.YWS.Entities.dll;{50D7FAE5-2304-4395-A6FA-7D35279D9D84}|NewLife.CommonEntity.dll;{5813C22E-EEB3-4DEE-A45C-BB218041193A}|NewLife.Core.dll;{B49ABA5A-C5DA-45F4-87F1-B435EC51D710}|XCode.dll;"
		Debug.AspNetCompiler.VirtualPath = "/Web"
		Debug.AspNetCompiler.PhysicalPath = "Web\"
		Debug.AspNetCompiler.TargetPath = "PrecompiledWeb\Web\"
		Debug.AspNetCompiler.Updateable = "true"
		Debug.AspNetCompiler.ForceOverwrite = "true"
		Debug.AspNetCompiler.FixedNames = "false"
		Debug.AspNetCompiler.Debug = "True"
		Release.AspNetCompiler.VirtualPath = "/Web"
		Release.AspNetCompiler.PhysicalPath = "Web\"
		Release.AspNetCompiler.TargetPath = "PrecompiledWeb\Web\"
		Release.AspNetCompiler.Updateable = "true"
		Release.AspNetCompiler.ForceOverwrite = "true"
		Release.AspNetCompiler.FixedNames = "false"
		Release.AspNetCompiler.Debug = "False"
		VWDPort = "5637"
	EndProjectSection
EndProject
Global
	GlobalSection(SolutionConfigurationPlatforms) = preSolution
		Debug|Any CPU = Debug|Any CPU
		Debug|Mixed Platforms = Debug|Mixed Platforms
		Debug|x86 = Debug|x86
		Release|Any CPU = Release|Any CPU
		Release|Mixed Platforms = Release|Mixed Platforms
		Release|x86 = Release|x86
	EndGlobalSection
	GlobalSection(ProjectConfigurationPlatforms) = postSolution
		{A82E3AA8-6181-460D-A6EE-CC453B83D340}.Debug|Any CPU.ActiveCfg = Debug|Any CPU
		{A82E3AA8-6181-460D-A6EE-CC453B83D340}.Debug|Any CPU.Build.0 = Debug|Any CPU
		{A82E3AA8-6181-460D-A6EE-CC453B83D340}.Debug|Mixed Platforms.ActiveCfg = Debug|Any CPU
		{A82E3AA8-6181-460D-A6EE-CC453B83D340}.Debug|Mixed Platforms.Build.0 = Debug|Any CPU
		{A82E3AA8-6181-460D-A6EE-CC453B83D340}.Debug|x86.ActiveCfg = Debug|Any CPU
		{A82E3AA8-6181-460D-A6EE-CC453B83D340}.Release|Any CPU.ActiveCfg = Release|Any CPU
		{A82E3AA8-6181-460D-A6EE-CC453B83D340}.Release|Any CPU.Build.0 = Release|Any CPU
		{A82E3AA8-6181-460D-A6EE-CC453B83D340}.Release|Mixed Platforms.ActiveCfg = Release|Any CPU
		{A82E3AA8-6181-460D-A6EE-CC453B83D340}.Release|Mixed Platforms.Build.0 = Release|Any CPU
		{A82E3AA8-6181-460D-A6EE-CC453B83D340}.Release|x86.ActiveCfg = Release|Any CPU
		{3EB3A5F1-F785-4672-A21D-A3117FC12129}.Debug|Any CPU.ActiveCfg = Debug|Any CPU
		{3EB3A5F1-F785-4672-A21D-A3117FC12129}.Debug|Any CPU.Build.0 = Debug|Any CPU
		{3EB3A5F1-F785-4672-A21D-A3117FC12129}.Debug|Mixed Platforms.ActiveCfg = Debug|Any CPU
		{3EB3A5F1-F785-4672-A21D-A3117FC12129}.Debug|Mixed Platforms.Build.0 = Debug|Any CPU
		{3EB3A5F1-F785-4672-A21D-A3117FC12129}.Debug|x86.ActiveCfg = Debug|Any CPU
		{3EB3A5F1-F785-4672-A21D-A3117FC12129}.Release|Any CPU.ActiveCfg = Release|Any CPU
		{3EB3A5F1-F785-4672-A21D-A3117FC12129}.Release|Any CPU.Build.0 = Release|Any CPU
		{3EB3A5F1-F785-4672-A21D-A3117FC12129}.Release|Mixed Platforms.ActiveCfg = Release|Any CPU
		{3EB3A5F1-F785-4672-A21D-A3117FC12129}.Release|Mixed Platforms.Build.0 = Release|Any CPU
		{3EB3A5F1-F785-4672-A21D-A3117FC12129}.Release|x86.ActiveCfg = Release|Any CPU
		{6740B4CD-B2F6-49DF-BDA0-7DC17144C666}.Debug|Any CPU.ActiveCfg = Debug|x86
		{6740B4CD-B2F6-49DF-BDA0-7DC17144C666}.Debug|Mixed Platforms.ActiveCfg = Debug|x86
		{6740B4CD-B2F6-49DF-BDA0-7DC17144C666}.Debug|Mixed Platforms.Build.0 = Debug|x86
		{6740B4CD-B2F6-49DF-BDA0-7DC17144C666}.Debug|x86.ActiveCfg = Debug|x86
		{6740B4CD-B2F6-49DF-BDA0-7DC17144C666}.Debug|x86.Build.0 = Debug|x86
		{6740B4CD-B2F6-49DF-BDA0-7DC17144C666}.Release|Any CPU.ActiveCfg = Release|x86
		{6740B4CD-B2F6-49DF-BDA0-7DC17144C666}.Release|Mixed Platforms.ActiveCfg = Release|x86
		{6740B4CD-B2F6-49DF-BDA0-7DC17144C666}.Release|Mixed Platforms.Build.0 = Release|x86
		{6740B4CD-B2F6-49DF-BDA0-7DC17144C666}.Release|x86.ActiveCfg = Release|x86
		{6740B4CD-B2F6-49DF-BDA0-7DC17144C666}.Release|x86.Build.0 = Release|x86
		{B49ABA5A-C5DA-45F4-87F1-B435EC51D710}.Debug|Any CPU.ActiveCfg = Debug|Any CPU
		{B49ABA5A-C5DA-45F4-87F1-B435EC51D710}.Debug|Any CPU.Build.0 = Debug|Any CPU
		{B49ABA5A-C5DA-45F4-87F1-B435EC51D710}.Debug|Mixed Platforms.ActiveCfg = Debug|Any CPU
		{B49ABA5A-C5DA-45F4-87F1-B435EC51D710}.Debug|Mixed Platforms.Build.0 = Debug|Any CPU
		{B49ABA5A-C5DA-45F4-87F1-B435EC51D710}.Debug|x86.ActiveCfg = Debug|Any CPU
		{B49ABA5A-C5DA-45F4-87F1-B435EC51D710}.Release|Any CPU.ActiveCfg = Release|Any CPU
		{B49ABA5A-C5DA-45F4-87F1-B435EC51D710}.Release|Any CPU.Build.0 = Release|Any CPU
		{B49ABA5A-C5DA-45F4-87F1-B435EC51D710}.Release|Mixed Platforms.ActiveCfg = Release|Any CPU
		{B49ABA5A-C5DA-45F4-87F1-B435EC51D710}.Release|Mixed Platforms.Build.0 = Release|Any CPU
		{B49ABA5A-C5DA-45F4-87F1-B435EC51D710}.Release|x86.ActiveCfg = Release|Any CPU
		{50D7FAE5-2304-4395-A6FA-7D35279D9D84}.Debug|Any CPU.ActiveCfg = Debug|Any CPU
		{50D7FAE5-2304-4395-A6FA-7D35279D9D84}.Debug|Any CPU.Build.0 = Debug|Any CPU
		{50D7FAE5-2304-4395-A6FA-7D35279D9D84}.Debug|Mixed Platforms.ActiveCfg = Debug|Any CPU
		{50D7FAE5-2304-4395-A6FA-7D35279D9D84}.Debug|Mixed Platforms.Build.0 = Debug|Any CPU
		{50D7FAE5-2304-4395-A6FA-7D35279D9D84}.Debug|x86.ActiveCfg = Debug|Any CPU
		{50D7FAE5-2304-4395-A6FA-7D35279D9D84}.Release|Any CPU.ActiveCfg = Release|Any CPU
		{50D7FAE5-2304-4395-A6FA-7D35279D9D84}.Release|Any CPU.Build.0 = Release|Any CPU
		{50D7FAE5-2304-4395-A6FA-7D35279D9D84}.Release|Mixed Platforms.ActiveCfg = Release|Any CPU
		{50D7FAE5-2304-4395-A6FA-7D35279D9D84}.Release|Mixed Platforms.Build.0 = Release|Any CPU
		{50D7FAE5-2304-4395-A6FA-7D35279D9D84}.Release|x86.ActiveCfg = Release|Any CPU
		{A18FB4FB-5AA8-4781-A898-82DBEE6A6631}.Debug|Any CPU.ActiveCfg = Debug|Any CPU
		{A18FB4FB-5AA8-4781-A898-82DBEE6A6631}.Debug|Any CPU.Build.0 = Debug|Any CPU
		{A18FB4FB-5AA8-4781-A898-82DBEE6A6631}.Debug|Mixed Platforms.ActiveCfg = Debug|Any CPU
		{A18FB4FB-5AA8-4781-A898-82DBEE6A6631}.Debug|Mixed Platforms.Build.0 = Debug|Any CPU
		{A18FB4FB-5AA8-4781-A898-82DBEE6A6631}.Debug|x86.ActiveCfg = Debug|Any CPU
		{A18FB4FB-5AA8-4781-A898-82DBEE6A6631}.Release|Any CPU.ActiveCfg = Release|Any CPU
		{A18FB4FB-5AA8-4781-A898-82DBEE6A6631}.Release|Any CPU.Build.0 = Release|Any CPU
		{A18FB4FB-5AA8-4781-A898-82DBEE6A6631}.Release|Mixed Platforms.ActiveCfg = Release|Any CPU
		{A18FB4FB-5AA8-4781-A898-82DBEE6A6631}.Release|Mixed Platforms.Build.0 = Release|Any CPU
		{A18FB4FB-5AA8-4781-A898-82DBEE6A6631}.Release|x86.ActiveCfg = Release|Any CPU
		{55BA37EE-01A2-438F-A0FB-6B57440BF2F0}.Debug|Any CPU.ActiveCfg = Debug|Any CPU
		{55BA37EE-01A2-438F-A0FB-6B57440BF2F0}.Debug|Any CPU.Build.0 = Debug|Any CPU
		{55BA37EE-01A2-438F-A0FB-6B57440BF2F0}.Debug|Mixed Platforms.ActiveCfg = Debug|Any CPU
		{55BA37EE-01A2-438F-A0FB-6B57440BF2F0}.Debug|Mixed Platforms.Build.0 = Debug|Any CPU
		{55BA37EE-01A2-438F-A0FB-6B57440BF2F0}.Debug|x86.ActiveCfg = Debug|Any CPU
		{55BA37EE-01A2-438F-A0FB-6B57440BF2F0}.Release|Any CPU.ActiveCfg = Release|Any CPU
		{55BA37EE-01A2-438F-A0FB-6B57440BF2F0}.Release|Any CPU.Build.0 = Release|Any CPU
		{55BA37EE-01A2-438F-A0FB-6B57440BF2F0}.Release|Mixed Platforms.ActiveCfg = Release|Any CPU
		{55BA37EE-01A2-438F-A0FB-6B57440BF2F0}.Release|Mixed Platforms.Build.0 = Release|Any CPU
		{55BA37EE-01A2-438F-A0FB-6B57440BF2F0}.Release|x86.ActiveCfg = Release|Any CPU
		{5813C22E-EEB3-4DEE-A45C-BB218041193A}.Debug|Any CPU.ActiveCfg = Debug|Any CPU
		{5813C22E-EEB3-4DEE-A45C-BB218041193A}.Debug|Any CPU.Build.0 = Debug|Any CPU
		{5813C22E-EEB3-4DEE-A45C-BB218041193A}.Debug|Mixed Platforms.ActiveCfg = Debug|Any CPU
		{5813C22E-EEB3-4DEE-A45C-BB218041193A}.Debug|Mixed Platforms.Build.0 = Debug|Any CPU
		{5813C22E-EEB3-4DEE-A45C-BB218041193A}.Debug|x86.ActiveCfg = Debug|Any CPU
		{5813C22E-EEB3-4DEE-A45C-BB218041193A}.Release|Any CPU.ActiveCfg = Release|Any CPU
		{5813C22E-EEB3-4DEE-A45C-BB218041193A}.Release|Any CPU.Build.0 = Release|Any CPU
		{5813C22E-EEB3-4DEE-A45C-BB218041193A}.Release|Mixed Platforms.ActiveCfg = Release|Any CPU
		{5813C22E-EEB3-4DEE-A45C-BB218041193A}.Release|Mixed Platforms.Build.0 = Release|Any CPU
		{5813C22E-EEB3-4DEE-A45C-BB218041193A}.Release|x86.ActiveCfg = Release|Any CPU
		{5A8EF50C-3394-4C1E-99F0-33EFE8691CB0}.Debug|Any CPU.ActiveCfg = Debug|Any CPU
		{5A8EF50C-3394-4C1E-99F0-33EFE8691CB0}.Debug|Any CPU.Build.0 = Debug|Any CPU
		{5A8EF50C-3394-4C1E-99F0-33EFE8691CB0}.Debug|Mixed Platforms.ActiveCfg = Debug|Any CPU
		{5A8EF50C-3394-4C1E-99F0-33EFE8691CB0}.Debug|Mixed Platforms.Build.0 = Debug|Any CPU
		{5A8EF50C-3394-4C1E-99F0-33EFE8691CB0}.Debug|x86.ActiveCfg = Debug|Any CPU
		{5A8EF50C-3394-4C1E-99F0-33EFE8691CB0}.Release|Any CPU.ActiveCfg = Release|Any CPU
		{5A8EF50C-3394-4C1E-99F0-33EFE8691CB0}.Release|Any CPU.Build.0 = Release|Any CPU
		{5A8EF50C-3394-4C1E-99F0-33EFE8691CB0}.Release|Mixed Platforms.ActiveCfg = Release|Any CPU
		{5A8EF50C-3394-4C1E-99F0-33EFE8691CB0}.Release|Mixed Platforms.Build.0 = Release|Any CPU
		{5A8EF50C-3394-4C1E-99F0-33EFE8691CB0}.Release|x86.ActiveCfg = Release|Any CPU
		{6AB57657-0627-40AC-ACC2-FF697E45FAF1}.Debug|Any CPU.ActiveCfg = Debug|x86
		{6AB57657-0627-40AC-ACC2-FF697E45FAF1}.Debug|Mixed Platforms.ActiveCfg = Debug|x86
		{6AB57657-0627-40AC-ACC2-FF697E45FAF1}.Debug|Mixed Platforms.Build.0 = Debug|x86
		{6AB57657-0627-40AC-ACC2-FF697E45FAF1}.Debug|x86.ActiveCfg = Debug|x86
		{6AB57657-0627-40AC-ACC2-FF697E45FAF1}.Debug|x86.Build.0 = Debug|x86
		{6AB57657-0627-40AC-ACC2-FF697E45FAF1}.Release|Any CPU.ActiveCfg = Release|x86
		{6AB57657-0627-40AC-ACC2-FF697E45FAF1}.Release|Mixed Platforms.ActiveCfg = Release|x86
		{6AB57657-0627-40AC-ACC2-FF697E45FAF1}.Release|Mixed Platforms.Build.0 = Release|x86
		{6AB57657-0627-40AC-ACC2-FF697E45FAF1}.Release|x86.ActiveCfg = Release|x86
		{6AB57657-0627-40AC-ACC2-FF697E45FAF1}.Release|x86.Build.0 = Release|x86
		{181FE587-CA12-49DF-9A7C-96697C41F32D}.Debug|Any CPU.ActiveCfg = Debug|x86
		{181FE587-CA12-49DF-9A7C-96697C41F32D}.Debug|Mixed Platforms.ActiveCfg = Debug|x86
		{181FE587-CA12-49DF-9A7C-96697C41F32D}.Debug|Mixed Platforms.Build.0 = Debug|x86
		{181FE587-CA12-49DF-9A7C-96697C41F32D}.Debug|x86.ActiveCfg = Debug|x86
		{181FE587-CA12-49DF-9A7C-96697C41F32D}.Debug|x86.Build.0 = Debug|x86
		{181FE587-CA12-49DF-9A7C-96697C41F32D}.Release|Any CPU.ActiveCfg = Release|x86
		{181FE587-CA12-49DF-9A7C-96697C41F32D}.Release|Mixed Platforms.ActiveCfg = Release|x86
		{181FE587-CA12-49DF-9A7C-96697C41F32D}.Release|Mixed Platforms.Build.0 = Release|x86
		{181FE587-CA12-49DF-9A7C-96697C41F32D}.Release|x86.ActiveCfg = Release|x86
		{181FE587-CA12-49DF-9A7C-96697C41F32D}.Release|x86.Build.0 = Release|x86
		{DBE2D3C8-24B9-4193-A568-66F550921702}.Debug|Any CPU.ActiveCfg = Debug|Any CPU
		{DBE2D3C8-24B9-4193-A568-66F550921702}.Debug|Any CPU.Build.0 = Debug|Any CPU
		{DBE2D3C8-24B9-4193-A568-66F550921702}.Debug|Mixed Platforms.ActiveCfg = Debug|Any CPU
		{DBE2D3C8-24B9-4193-A568-66F550921702}.Debug|Mixed Platforms.Build.0 = Debug|Any CPU
		{DBE2D3C8-24B9-4193-A568-66F550921702}.Debug|x86.ActiveCfg = Debug|Any CPU
		{DBE2D3C8-24B9-4193-A568-66F550921702}.Release|Any CPU.ActiveCfg = Release|Any CPU
		{DBE2D3C8-24B9-4193-A568-66F550921702}.Release|Any CPU.Build.0 = Release|Any CPU
		{DBE2D3C8-24B9-4193-A568-66F550921702}.Release|Mixed Platforms.ActiveCfg = Release|Any CPU
		{DBE2D3C8-24B9-4193-A568-66F550921702}.Release|Mixed Platforms.Build.0 = Release|Any CPU
		{DBE2D3C8-24B9-4193-A568-66F550921702}.Release|x86.ActiveCfg = Release|Any CPU
		{E50FC131-90E6-4D21-8F87-84BDF4B841B7}.Debug|Any CPU.ActiveCfg = Debug|Any CPU
		{E50FC131-90E6-4D21-8F87-84BDF4B841B7}.Debug|Any CPU.Build.0 = Debug|Any CPU
		{E50FC131-90E6-4D21-8F87-84BDF4B841B7}.Debug|Mixed Platforms.ActiveCfg = Debug|Any CPU
		{E50FC131-90E6-4D21-8F87-84BDF4B841B7}.Debug|Mixed Platforms.Build.0 = Debug|Any CPU
		{E50FC131-90E6-4D21-8F87-84BDF4B841B7}.Debug|x86.ActiveCfg = Debug|Any CPU
		{E50FC131-90E6-4D21-8F87-84BDF4B841B7}.Release|Any CPU.ActiveCfg = Release|Any CPU
		{E50FC131-90E6-4D21-8F87-84BDF4B841B7}.Release|Any CPU.Build.0 = Release|Any CPU
		{E50FC131-90E6-4D21-8F87-84BDF4B841B7}.Release|Mixed Platforms.ActiveCfg = Release|Any CPU
		{E50FC131-90E6-4D21-8F87-84BDF4B841B7}.Release|Mixed Platforms.Build.0 = Release|Any CPU
		{E50FC131-90E6-4D21-8F87-84BDF4B841B7}.Release|x86.ActiveCfg = Release|Any CPU
		{AAC0A525-4C8D-4D30-B145-288E8CB5CF8A}.Debug|Any CPU.ActiveCfg = Debug|Any CPU
		{AAC0A525-4C8D-4D30-B145-288E8CB5CF8A}.Debug|Any CPU.Build.0 = Debug|Any CPU
		{AAC0A525-4C8D-4D30-B145-288E8CB5CF8A}.Debug|Mixed Platforms.ActiveCfg = Debug|Any CPU
		{AAC0A525-4C8D-4D30-B145-288E8CB5CF8A}.Debug|Mixed Platforms.Build.0 = Debug|Any CPU
		{AAC0A525-4C8D-4D30-B145-288E8CB5CF8A}.Debug|x86.ActiveCfg = Debug|Any CPU
		{AAC0A525-4C8D-4D30-B145-288E8CB5CF8A}.Release|Any CPU.ActiveCfg = Debug|Any CPU
		{AAC0A525-4C8D-4D30-B145-288E8CB5CF8A}.Release|Any CPU.Build.0 = Debug|Any CPU
		{AAC0A525-4C8D-4D30-B145-288E8CB5CF8A}.Release|Mixed Platforms.ActiveCfg = Debug|Any CPU
		{AAC0A525-4C8D-4D30-B145-288E8CB5CF8A}.Release|Mixed Platforms.Build.0 = Debug|Any CPU
		{AAC0A525-4C8D-4D30-B145-288E8CB5CF8A}.Release|x86.ActiveCfg = Debug|Any CPU
	EndGlobalSection
	GlobalSection(SolutionProperties) = preSolution
		HideSolutionNode = FALSE
	EndGlobalSection
EndGlobal
