
Microsoft Visual Studio Solution File, Format Version 12.00
# Visual Studio Version 17
VisualStudioVersion = 17.5.33516.290
MinimumVisualStudioVersion = 10.0.40219.1
Project("{2150E333-8FDC-42A3-9474-1A3956D46DE8}") = "Others", "Others", "{32891F65-FBA1-42B2-918E-61F3A9623F2A}"
	ProjectSection(SolutionItems) = preProject
		.editorconfig = .editorconfig
		.gitignore = .gitignore
		Readme.MD = Readme.MD
		XCode\Readme.MD = XCode\Readme.MD
	EndProjectSection
EndProject
Project("{9A19103F-16F7-4668-BE54-9A1E7A4F7556}") = "NewLife.Core", "NewLife.Core\NewLife.Core.csproj", "{5813C22E-EEB3-4DEE-A45C-BB218041193A}"
EndProject
Project("{9A19103F-16F7-4668-BE54-9A1E7A4F7556}") = "NewLife.Security", "NewLife.Security\NewLife.Security.csproj", "{13D57F4A-2A7C-46FE-8472-DD3BA67F939D}"
EndProject
Project("{FAE04EC0-301F-11D3-BF4B-00C04F79EFBC}") = "Test2", "Test2\Test2.csproj", "{AB831AB7-8579-4336-A9AB-8B92B9A83A9A}"
EndProject
Global
	GlobalSection(SolutionConfigurationPlatforms) = preSolution
		Debug|Any CPU = Debug|Any CPU
		Debug|iPhone = Debug|iPhone
		Debug|iPhoneSimulator = Debug|iPhoneSimulator
		Release|Any CPU = Release|Any CPU
		Release|iPhone = Release|iPhone
		Release|iPhoneSimulator = Release|iPhoneSimulator
	EndGlobalSection
	GlobalSection(ProjectConfigurationPlatforms) = postSolution
		{5813C22E-EEB3-4DEE-A45C-BB218041193A}.Debug|Any CPU.ActiveCfg = Debug|Any CPU
		{5813C22E-EEB3-4DEE-A45C-BB218041193A}.Debug|Any CPU.Build.0 = Debug|Any CPU
		{5813C22E-EEB3-4DEE-A45C-BB218041193A}.Debug|iPhone.ActiveCfg = Debug|Any CPU
		{5813C22E-EEB3-4DEE-A45C-BB218041193A}.Debug|iPhone.Build.0 = Debug|Any CPU
		{5813C22E-EEB3-4DEE-A45C-BB218041193A}.Debug|iPhoneSimulator.ActiveCfg = Debug|Any CPU
		{5813C22E-EEB3-4DEE-A45C-BB218041193A}.Debug|iPhoneSimulator.Build.0 = Debug|Any CPU
		{5813C22E-EEB3-4DEE-A45C-BB218041193A}.Release|Any CPU.ActiveCfg = Release|Any CPU
		{5813C22E-EEB3-4DEE-A45C-BB218041193A}.Release|Any CPU.Build.0 = Release|Any CPU
		{5813C22E-EEB3-4DEE-A45C-BB218041193A}.Release|iPhone.ActiveCfg = Release|Any CPU
		{5813C22E-EEB3-4DEE-A45C-BB218041193A}.Release|iPhone.Build.0 = Release|Any CPU
		{5813C22E-EEB3-4DEE-A45C-BB218041193A}.Release|iPhoneSimulator.ActiveCfg = Release|Any CPU
		{5813C22E-EEB3-4DEE-A45C-BB218041193A}.Release|iPhoneSimulator.Build.0 = Release|Any CPU
		{13D57F4A-2A7C-46FE-8472-DD3BA67F939D}.Debug|Any CPU.ActiveCfg = Debug|Any CPU
		{13D57F4A-2A7C-46FE-8472-DD3BA67F939D}.Debug|Any CPU.Build.0 = Debug|Any CPU
		{13D57F4A-2A7C-46FE-8472-DD3BA67F939D}.Debug|iPhone.ActiveCfg = Debug|Any CPU
		{13D57F4A-2A7C-46FE-8472-DD3BA67F939D}.Debug|iPhone.Build.0 = Debug|Any CPU
		{13D57F4A-2A7C-46FE-8472-DD3BA67F939D}.Debug|iPhoneSimulator.ActiveCfg = Debug|Any CPU
		{13D57F4A-2A7C-46FE-8472-DD3BA67F939D}.Debug|iPhoneSimulator.Build.0 = Debug|Any CPU
		{13D57F4A-2A7C-46FE-8472-DD3BA67F939D}.Release|Any CPU.ActiveCfg = Release|Any CPU
		{13D57F4A-2A7C-46FE-8472-DD3BA67F939D}.Release|Any CPU.Build.0 = Release|Any CPU
		{13D57F4A-2A7C-46FE-8472-DD3BA67F939D}.Release|iPhone.ActiveCfg = Release|Any CPU
		{13D57F4A-2A7C-46FE-8472-DD3BA67F939D}.Release|iPhone.Build.0 = Release|Any CPU
		{13D57F4A-2A7C-46FE-8472-DD3BA67F939D}.Release|iPhoneSimulator.ActiveCfg = Release|Any CPU
		{13D57F4A-2A7C-46FE-8472-DD3BA67F939D}.Release|iPhoneSimulator.Build.0 = Release|Any CPU
		{AB831AB7-8579-4336-A9AB-8B92B9A83A9A}.Debug|Any CPU.ActiveCfg = Debug|Any CPU
		{AB831AB7-8579-4336-A9AB-8B92B9A83A9A}.Debug|Any CPU.Build.0 = Debug|Any CPU
		{AB831AB7-8579-4336-A9AB-8B92B9A83A9A}.Debug|iPhone.ActiveCfg = Debug|Any CPU
		{AB831AB7-8579-4336-A9AB-8B92B9A83A9A}.Debug|iPhone.Build.0 = Debug|Any CPU
		{AB831AB7-8579-4336-A9AB-8B92B9A83A9A}.Debug|iPhoneSimulator.ActiveCfg = Debug|Any CPU
		{AB831AB7-8579-4336-A9AB-8B92B9A83A9A}.Debug|iPhoneSimulator.Build.0 = Debug|Any CPU
		{AB831AB7-8579-4336-A9AB-8B92B9A83A9A}.Release|Any CPU.ActiveCfg = Release|Any CPU
		{AB831AB7-8579-4336-A9AB-8B92B9A83A9A}.Release|Any CPU.Build.0 = Release|Any CPU
		{AB831AB7-8579-4336-A9AB-8B92B9A83A9A}.Release|iPhone.ActiveCfg = Release|Any CPU
		{AB831AB7-8579-4336-A9AB-8B92B9A83A9A}.Release|iPhone.Build.0 = Release|Any CPU
		{AB831AB7-8579-4336-A9AB-8B92B9A83A9A}.Release|iPhoneSimulator.ActiveCfg = Release|Any CPU
		{AB831AB7-8579-4336-A9AB-8B92B9A83A9A}.Release|iPhoneSimulator.Build.0 = Release|Any CPU
	EndGlobalSection
	GlobalSection(SolutionProperties) = preSolution
		HideSolutionNode = FALSE
	EndGlobalSection
	GlobalSection(ExtensibilityGlobals) = postSolution
		SolutionGuid = {6AEA440B-0D90-4F6E-BA9A-D42B27A78D7B}
	EndGlobalSection
EndGlobal
