
Microsoft Visual Studio Solution File, Format Version 12.00
# Visual Studio 15
VisualStudioVersion = 15.0.27130.2024
MinimumVisualStudioVersion = 10.0.40219.1
Project("{2150E333-8FDC-42A3-9474-1A3956D46DE8}") = "Others", "Others", "{32891F65-FBA1-42B2-918E-61F3A9623F2A}"
	ProjectSection(SolutionItems) = preProject
		.editorconfig = .editorconfig
		.gitignore = .gitignore
		Readme.MD = Readme.MD
		XCode\Readme.MD = XCode\Readme.MD
		发布NuGet.cs = 发布NuGet.cs
	EndProjectSection
EndProject
Project("{FAE04EC0-301F-11D3-BF4B-00C04F79EFBC}") = "Test", "Test\Test.csproj", "{6740B4CD-B2F6-49DF-BDA0-7DC17144C666}"
EndProject
Project("{FAE04EC0-301F-11D3-BF4B-00C04F79EFBC}") = "XCode", "XCode\XCode.csproj", "{B49ABA5A-C5DA-45F4-87F1-B435EC51D710}"
EndProject
Project("{FAE04EC0-301F-11D3-BF4B-00C04F79EFBC}") = "NewLife.Core", "NewLife.Core\NewLife.Core.csproj", "{5813C22E-EEB3-4DEE-A45C-BB218041193A}"
EndProject
Project("{9A19103F-16F7-4668-BE54-9A1E7A4F7556}") = "NewLife.CoreST", "NewLife.CoreST\NewLife.CoreST.csproj", "{2FA4D593-02E9-425A-AD5F-10ACC6D42CC1}"
EndProject
Project("{9A19103F-16F7-4668-BE54-9A1E7A4F7556}") = "XCodeST", "XCodeST\XCodeST.csproj", "{3995D557-2B50-4099-802C-F16197E5BEC1}"
EndProject
Project("{9A19103F-16F7-4668-BE54-9A1E7A4F7556}") = "TestST", "TestST\TestST.csproj", "{B944861A-E5FB-4DDB-9DD2-93930B5C1885}"
EndProject
Project("{FAE04EC0-301F-11D3-BF4B-00C04F79EFBC}") = "NewLife.Agent", "NewLife.Agent\NewLife.Agent.csproj", "{260A337D-B1E2-46AE-A42B-DACE9FD95359}"
EndProject
Global
	GlobalSection(SolutionConfigurationPlatforms) = preSolution
		Debug|Any CPU = Debug|Any CPU
		Release|Any CPU = Release|Any CPU
	EndGlobalSection
	GlobalSection(ProjectConfigurationPlatforms) = postSolution
		{6740B4CD-B2F6-49DF-BDA0-7DC17144C666}.Debug|Any CPU.ActiveCfg = Debug|Any CPU
		{6740B4CD-B2F6-49DF-BDA0-7DC17144C666}.Debug|Any CPU.Build.0 = Debug|Any CPU
		{6740B4CD-B2F6-49DF-BDA0-7DC17144C666}.Release|Any CPU.ActiveCfg = Release|Any CPU
		{6740B4CD-B2F6-49DF-BDA0-7DC17144C666}.Release|Any CPU.Build.0 = Release|Any CPU
		{B49ABA5A-C5DA-45F4-87F1-B435EC51D710}.Debug|Any CPU.ActiveCfg = Debug|Any CPU
		{B49ABA5A-C5DA-45F4-87F1-B435EC51D710}.Debug|Any CPU.Build.0 = Debug|Any CPU
		{B49ABA5A-C5DA-45F4-87F1-B435EC51D710}.Release|Any CPU.ActiveCfg = Release|Any CPU
		{B49ABA5A-C5DA-45F4-87F1-B435EC51D710}.Release|Any CPU.Build.0 = Release|Any CPU
		{5813C22E-EEB3-4DEE-A45C-BB218041193A}.Debug|Any CPU.ActiveCfg = Debug|Any CPU
		{5813C22E-EEB3-4DEE-A45C-BB218041193A}.Debug|Any CPU.Build.0 = Debug|Any CPU
		{5813C22E-EEB3-4DEE-A45C-BB218041193A}.Release|Any CPU.ActiveCfg = Release|Any CPU
		{5813C22E-EEB3-4DEE-A45C-BB218041193A}.Release|Any CPU.Build.0 = Release|Any CPU
		{2FA4D593-02E9-425A-AD5F-10ACC6D42CC1}.Debug|Any CPU.ActiveCfg = Debug|Any CPU
		{2FA4D593-02E9-425A-AD5F-10ACC6D42CC1}.Debug|Any CPU.Build.0 = Debug|Any CPU
		{2FA4D593-02E9-425A-AD5F-10ACC6D42CC1}.Release|Any CPU.ActiveCfg = Release|Any CPU
		{2FA4D593-02E9-425A-AD5F-10ACC6D42CC1}.Release|Any CPU.Build.0 = Release|Any CPU
		{3995D557-2B50-4099-802C-F16197E5BEC1}.Debug|Any CPU.ActiveCfg = Debug|Any CPU
		{3995D557-2B50-4099-802C-F16197E5BEC1}.Debug|Any CPU.Build.0 = Debug|Any CPU
		{3995D557-2B50-4099-802C-F16197E5BEC1}.Release|Any CPU.ActiveCfg = Release|Any CPU
		{3995D557-2B50-4099-802C-F16197E5BEC1}.Release|Any CPU.Build.0 = Release|Any CPU
		{B944861A-E5FB-4DDB-9DD2-93930B5C1885}.Debug|Any CPU.ActiveCfg = Debug|Any CPU
		{B944861A-E5FB-4DDB-9DD2-93930B5C1885}.Debug|Any CPU.Build.0 = Debug|Any CPU
		{B944861A-E5FB-4DDB-9DD2-93930B5C1885}.Release|Any CPU.ActiveCfg = Release|Any CPU
		{B944861A-E5FB-4DDB-9DD2-93930B5C1885}.Release|Any CPU.Build.0 = Release|Any CPU
		{260A337D-B1E2-46AE-A42B-DACE9FD95359}.Debug|Any CPU.ActiveCfg = Debug|Any CPU
		{260A337D-B1E2-46AE-A42B-DACE9FD95359}.Debug|Any CPU.Build.0 = Debug|Any CPU
		{260A337D-B1E2-46AE-A42B-DACE9FD95359}.Release|Any CPU.ActiveCfg = Release|Any CPU
		{260A337D-B1E2-46AE-A42B-DACE9FD95359}.Release|Any CPU.Build.0 = Release|Any CPU
	EndGlobalSection
	GlobalSection(SolutionProperties) = preSolution
		HideSolutionNode = FALSE
	EndGlobalSection
	GlobalSection(ExtensibilityGlobals) = postSolution
		SolutionGuid = {6AEA440B-0D90-4F6E-BA9A-D42B27A78D7B}
	EndGlobalSection
EndGlobal
