
Microsoft Visual Studio Solution File, Format Version 12.00
# Visual Studio 2013
VisualStudioVersion = 12.0.31101.0
MinimumVisualStudioVersion = 10.0.40219.1
Project("{FAE04EC0-301F-11D3-BF4B-00C04F79EFBC}") = "Test", "Test\Test.csproj", "{6740B4CD-B2F6-49DF-BDA0-7DC17144C666}"
EndProject
Project("{FAE04EC0-301F-11D3-BF4B-00C04F79EFBC}") = "XCode", "XCode\XCode.csproj", "{B49ABA5A-C5DA-45F4-87F1-B435EC51D710}"
EndProject
Project("{FAE04EC0-301F-11D3-BF4B-00C04F79EFBC}") = "XTemplate", "XTemplate\XTemplate.csproj", "{55BA37EE-01A2-438F-A0FB-6B57440BF2F0}"
EndProject
Project("{FAE04EC0-301F-11D3-BF4B-00C04F79EFBC}") = "NewLife.Core", "NewLife.Core\NewLife.Core.csproj", "{5813C22E-EEB3-4DEE-A45C-BB218041193A}"
EndProject
Project("{FAE04EC0-301F-11D3-BF4B-00C04F79EFBC}") = "NewLife.Net", "NewLife.Net\NewLife.Net.csproj", "{5A8EF50C-3394-4C1E-99F0-33EFE8691CB0}"
EndProject
Project("{FAE04EC0-301F-11D3-BF4B-00C04F79EFBC}") = "Test2", "Test2\Test2.csproj", "{181FE587-CA12-49DF-9A7C-96697C41F32D}"
EndProject
Project("{FAE04EC0-301F-11D3-BF4B-00C04F79EFBC}") = "NewLife.Android", "NewLife.Android\NewLife.Android.csproj", "{19B3CD60-CE6C-4EB8-8FCE-67ABC1D7727A}"
EndProject
Project("{FAE04EC0-301F-11D3-BF4B-00C04F79EFBC}") = "AndroidTest", "AndroidTest\AndroidTest.csproj", "{AF9B9BB1-B688-4DB5-864D-4BC7898ABD17}"
EndProject
Global
	GlobalSection(SolutionConfigurationPlatforms) = preSolution
		Debug|Any CPU = Debug|Any CPU
		Net4Debug|Any CPU = Net4Debug|Any CPU
		Net4Release|Any CPU = Net4Release|Any CPU
		Release|Any CPU = Release|Any CPU
	EndGlobalSection
	GlobalSection(ProjectConfigurationPlatforms) = postSolution
		{6740B4CD-B2F6-49DF-BDA0-7DC17144C666}.Debug|Any CPU.ActiveCfg = Debug|Any CPU
		{6740B4CD-B2F6-49DF-BDA0-7DC17144C666}.Net4Debug|Any CPU.ActiveCfg = Debug|Any CPU
		{6740B4CD-B2F6-49DF-BDA0-7DC17144C666}.Net4Debug|Any CPU.Build.0 = Debug|Any CPU
		{6740B4CD-B2F6-49DF-BDA0-7DC17144C666}.Net4Release|Any CPU.ActiveCfg = Release|Any CPU
		{6740B4CD-B2F6-49DF-BDA0-7DC17144C666}.Net4Release|Any CPU.Build.0 = Release|Any CPU
		{6740B4CD-B2F6-49DF-BDA0-7DC17144C666}.Release|Any CPU.ActiveCfg = Release|Any CPU
		{B49ABA5A-C5DA-45F4-87F1-B435EC51D710}.Debug|Any CPU.ActiveCfg = Debug|Any CPU
		{B49ABA5A-C5DA-45F4-87F1-B435EC51D710}.Debug|Any CPU.Build.0 = Debug|Any CPU
		{B49ABA5A-C5DA-45F4-87F1-B435EC51D710}.Net4Debug|Any CPU.ActiveCfg = Debug|Any CPU
		{B49ABA5A-C5DA-45F4-87F1-B435EC51D710}.Net4Debug|Any CPU.Build.0 = Debug|Any CPU
		{B49ABA5A-C5DA-45F4-87F1-B435EC51D710}.Net4Release|Any CPU.ActiveCfg = Release|Any CPU
		{B49ABA5A-C5DA-45F4-87F1-B435EC51D710}.Net4Release|Any CPU.Build.0 = Release|Any CPU
		{B49ABA5A-C5DA-45F4-87F1-B435EC51D710}.Release|Any CPU.ActiveCfg = Release|Any CPU
		{B49ABA5A-C5DA-45F4-87F1-B435EC51D710}.Release|Any CPU.Build.0 = Release|Any CPU
		{55BA37EE-01A2-438F-A0FB-6B57440BF2F0}.Debug|Any CPU.ActiveCfg = Debug|Any CPU
		{55BA37EE-01A2-438F-A0FB-6B57440BF2F0}.Debug|Any CPU.Build.0 = Debug|Any CPU
		{55BA37EE-01A2-438F-A0FB-6B57440BF2F0}.Net4Debug|Any CPU.ActiveCfg = Debug|Any CPU
		{55BA37EE-01A2-438F-A0FB-6B57440BF2F0}.Net4Debug|Any CPU.Build.0 = Debug|Any CPU
		{55BA37EE-01A2-438F-A0FB-6B57440BF2F0}.Net4Release|Any CPU.ActiveCfg = Release|Any CPU
		{55BA37EE-01A2-438F-A0FB-6B57440BF2F0}.Net4Release|Any CPU.Build.0 = Release|Any CPU
		{55BA37EE-01A2-438F-A0FB-6B57440BF2F0}.Release|Any CPU.ActiveCfg = Release|Any CPU
		{55BA37EE-01A2-438F-A0FB-6B57440BF2F0}.Release|Any CPU.Build.0 = Release|Any CPU
		{5813C22E-EEB3-4DEE-A45C-BB218041193A}.Debug|Any CPU.ActiveCfg = Debug|Any CPU
		{5813C22E-EEB3-4DEE-A45C-BB218041193A}.Debug|Any CPU.Build.0 = Debug|Any CPU
		{5813C22E-EEB3-4DEE-A45C-BB218041193A}.Net4Debug|Any CPU.ActiveCfg = Debug|Any CPU
		{5813C22E-EEB3-4DEE-A45C-BB218041193A}.Net4Debug|Any CPU.Build.0 = Debug|Any CPU
		{5813C22E-EEB3-4DEE-A45C-BB218041193A}.Net4Release|Any CPU.ActiveCfg = Release|Any CPU
		{5813C22E-EEB3-4DEE-A45C-BB218041193A}.Net4Release|Any CPU.Build.0 = Release|Any CPU
		{5813C22E-EEB3-4DEE-A45C-BB218041193A}.Release|Any CPU.ActiveCfg = Release|Any CPU
		{5813C22E-EEB3-4DEE-A45C-BB218041193A}.Release|Any CPU.Build.0 = Release|Any CPU
		{5A8EF50C-3394-4C1E-99F0-33EFE8691CB0}.Debug|Any CPU.ActiveCfg = Debug|Any CPU
		{5A8EF50C-3394-4C1E-99F0-33EFE8691CB0}.Debug|Any CPU.Build.0 = Debug|Any CPU
		{5A8EF50C-3394-4C1E-99F0-33EFE8691CB0}.Net4Debug|Any CPU.ActiveCfg = Debug|Any CPU
		{5A8EF50C-3394-4C1E-99F0-33EFE8691CB0}.Net4Debug|Any CPU.Build.0 = Debug|Any CPU
		{5A8EF50C-3394-4C1E-99F0-33EFE8691CB0}.Net4Release|Any CPU.ActiveCfg = Release|Any CPU
		{5A8EF50C-3394-4C1E-99F0-33EFE8691CB0}.Net4Release|Any CPU.Build.0 = Release|Any CPU
		{5A8EF50C-3394-4C1E-99F0-33EFE8691CB0}.Release|Any CPU.ActiveCfg = Release|Any CPU
		{5A8EF50C-3394-4C1E-99F0-33EFE8691CB0}.Release|Any CPU.Build.0 = Release|Any CPU
		{181FE587-CA12-49DF-9A7C-96697C41F32D}.Debug|Any CPU.ActiveCfg = Debug|Any CPU
		{181FE587-CA12-49DF-9A7C-96697C41F32D}.Net4Debug|Any CPU.ActiveCfg = Debug|Any CPU
		{181FE587-CA12-49DF-9A7C-96697C41F32D}.Net4Debug|Any CPU.Build.0 = Debug|Any CPU
		{181FE587-CA12-49DF-9A7C-96697C41F32D}.Net4Release|Any CPU.ActiveCfg = Release|Any CPU
		{181FE587-CA12-49DF-9A7C-96697C41F32D}.Net4Release|Any CPU.Build.0 = Release|Any CPU
		{181FE587-CA12-49DF-9A7C-96697C41F32D}.Release|Any CPU.ActiveCfg = Release|Any CPU
		{19B3CD60-CE6C-4EB8-8FCE-67ABC1D7727A}.Debug|Any CPU.ActiveCfg = Debug|Any CPU
		{19B3CD60-CE6C-4EB8-8FCE-67ABC1D7727A}.Debug|Any CPU.Build.0 = Debug|Any CPU
		{19B3CD60-CE6C-4EB8-8FCE-67ABC1D7727A}.Net4Debug|Any CPU.ActiveCfg = Debug|Any CPU
		{19B3CD60-CE6C-4EB8-8FCE-67ABC1D7727A}.Net4Debug|Any CPU.Build.0 = Debug|Any CPU
		{19B3CD60-CE6C-4EB8-8FCE-67ABC1D7727A}.Net4Release|Any CPU.ActiveCfg = Release|Any CPU
		{19B3CD60-CE6C-4EB8-8FCE-67ABC1D7727A}.Net4Release|Any CPU.Build.0 = Release|Any CPU
		{19B3CD60-CE6C-4EB8-8FCE-67ABC1D7727A}.Release|Any CPU.ActiveCfg = Release|Any CPU
		{19B3CD60-CE6C-4EB8-8FCE-67ABC1D7727A}.Release|Any CPU.Build.0 = Release|Any CPU
		{AF9B9BB1-B688-4DB5-864D-4BC7898ABD17}.Debug|Any CPU.ActiveCfg = Debug|Any CPU
		{AF9B9BB1-B688-4DB5-864D-4BC7898ABD17}.Debug|Any CPU.Build.0 = Debug|Any CPU
		{AF9B9BB1-B688-4DB5-864D-4BC7898ABD17}.Debug|Any CPU.Deploy.0 = Debug|Any CPU
		{AF9B9BB1-B688-4DB5-864D-4BC7898ABD17}.Net4Debug|Any CPU.ActiveCfg = Debug|Any CPU
		{AF9B9BB1-B688-4DB5-864D-4BC7898ABD17}.Net4Debug|Any CPU.Build.0 = Debug|Any CPU
		{AF9B9BB1-B688-4DB5-864D-4BC7898ABD17}.Net4Debug|Any CPU.Deploy.0 = Debug|Any CPU
		{AF9B9BB1-B688-4DB5-864D-4BC7898ABD17}.Net4Release|Any CPU.ActiveCfg = Release|Any CPU
		{AF9B9BB1-B688-4DB5-864D-4BC7898ABD17}.Net4Release|Any CPU.Build.0 = Release|Any CPU
		{AF9B9BB1-B688-4DB5-864D-4BC7898ABD17}.Net4Release|Any CPU.Deploy.0 = Release|Any CPU
		{AF9B9BB1-B688-4DB5-864D-4BC7898ABD17}.Release|Any CPU.ActiveCfg = Release|Any CPU
		{AF9B9BB1-B688-4DB5-864D-4BC7898ABD17}.Release|Any CPU.Build.0 = Release|Any CPU
		{AF9B9BB1-B688-4DB5-864D-4BC7898ABD17}.Release|Any CPU.Deploy.0 = Release|Any CPU
	EndGlobalSection
	GlobalSection(SolutionProperties) = preSolution
		HideSolutionNode = FALSE
	EndGlobalSection
	GlobalSection(TestCaseManagementSettings) = postSolution
		CategoryFile = X组件.vsmdi
	EndGlobalSection
EndGlobal
